
Microsoft Visual Studio Solution File, Format Version 12.00
# Visual Studio Version 16
VisualStudioVersion = 16.0.32630.194
MinimumVisualStudioVersion = 10.0.40219.1
Project("{FAE04EC0-301F-11D3-BF4B-00C04F79EFBC}") = "BAIS3130", "BAIS3130.csproj", "{FEC16ED3-0354-428F-A9CF-C82FE787FB52}"
EndProject
Global
	GlobalSection(SolutionConfigurationPlatforms) = preSolution
		Debug|Any CPU = Debug|Any CPU
		Release|Any CPU = Release|Any CPU
	EndGlobalSection
	GlobalSection(ProjectConfigurationPlatforms) = postSolution
		{FEC16ED3-0354-428F-A9CF-C82FE787FB52}.Debug|Any CPU.ActiveCfg = Debug|Any CPU
		{FEC16ED3-0354-428F-A9CF-C82FE787FB52}.Debug|Any CPU.Build.0 = Debug|Any CPU
		{FEC16ED3-0354-428F-A9CF-C82FE787FB52}.Release|Any CPU.ActiveCfg = Release|Any CPU
		{FEC16ED3-0354-428F-A9CF-C82FE787FB52}.Release|Any CPU.Build.0 = Release|Any CPU
	EndGlobalSection
	GlobalSection(SolutionProperties) = preSolution
		HideSolutionNode = FALSE
	EndGlobalSection
	GlobalSection(ExtensibilityGlobals) = postSolution
		SolutionGuid = {DFC322C4-1981-46AD-A156-6247C916CD8D}
	EndGlobalSection
EndGlobal
